Microsoft Visual Studio Solution File, Format Version 11.00
# Visual Studio 2008

Project("{50F0B330-7FE3-AAC1-2B71-95086208DE3C}") = "Intense Intersections", "Assembly-CSharp-firstpass.csproj", "{24F245C0-36CF-B2B4-CD23-7281B717C631}"
EndProject
Project("{50F0B330-7FE3-AAC1-2B71-95086208DE3C}") = "Intense Intersections", "Assembly-CSharp.csproj", "{7B2D5435-32DC-10BA-86CB-5E05E20B298B}"
EndProject
Project("{50F0B330-7FE3-AAC1-2B71-95086208DE3C}") = "Intense Intersections", "Assembly-CSharp-Editor.csproj", "{0B7B175C-F589-DE47-8C7F-F61530ED9FC5}"
EndProject
Global
	GlobalSection(SolutionConfigurationPlatforms) = preSolution
		Debug|Any CPU = Debug|Any CPU
		Release|Any CPU = Release|Any CPU
	EndGlobalSection
	GlobalSection(ProjectConfigurationPlatforms) = postSolution
		{24F245C0-36CF-B2B4-CD23-7281B717C631}.Debug|Any CPU.ActiveCfg = Debug|Any CPU
		{24F245C0-36CF-B2B4-CD23-7281B717C631}.Debug|Any CPU.Build.0 = Debug|Any CPU
		{24F245C0-36CF-B2B4-CD23-7281B717C631}.Release|Any CPU.ActiveCfg = Release|Any CPU
		{24F245C0-36CF-B2B4-CD23-7281B717C631}.Release|Any CPU.Build.0 = Release|Any CPU
		{7B2D5435-32DC-10BA-86CB-5E05E20B298B}.Debug|Any CPU.ActiveCfg = Debug|Any CPU
		{7B2D5435-32DC-10BA-86CB-5E05E20B298B}.Debug|Any CPU.Build.0 = Debug|Any CPU
		{7B2D5435-32DC-10BA-86CB-5E05E20B298B}.Release|Any CPU.ActiveCfg = Release|Any CPU
		{7B2D5435-32DC-10BA-86CB-5E05E20B298B}.Release|Any CPU.Build.0 = Release|Any CPU
		{0B7B175C-F589-DE47-8C7F-F61530ED9FC5}.Debug|Any CPU.ActiveCfg = Debug|Any CPU
		{0B7B175C-F589-DE47-8C7F-F61530ED9FC5}.Debug|Any CPU.Build.0 = Debug|Any CPU
		{0B7B175C-F589-DE47-8C7F-F61530ED9FC5}.Release|Any CPU.ActiveCfg = Release|Any CPU
		{0B7B175C-F589-DE47-8C7F-F61530ED9FC5}.Release|Any CPU.Build.0 = Release|Any CPU
	EndGlobalSection
	GlobalSection(SolutionProperties) = preSolution
		HideSolutionNode = FALSE
	EndGlobalSection
	GlobalSection(MonoDevelopProperties) = preSolution
		StartupItem = Assembly-CSharp.csproj
	EndGlobalSection
EndGlobal
